
Microsoft Visual Studio Solution File, Format Version 12.00
# Visual Studio 15
VisualStudioVersion = 15.0.28307.329
MinimumVisualStudioVersion = 10.0.40219.1
Project("{FAE04EC0-301F-11D3-BF4B-00C04F79EFBC}") = "Task1", "Lesson2\Task1.csproj", "{4EB5E131-1040-491C-928B-A72A2B409616}"
EndProject
Project("{FAE04EC0-301F-11D3-BF4B-00C04F79EFBC}") = "Task2", "Task2\Task2.csproj", "{04664F55-C64B-46B9-A893-3FCDC8BE1B21}"
EndProject
Project("{FAE04EC0-301F-11D3-BF4B-00C04F79EFBC}") = "Task4", "Task4\Task4.csproj", "{2B406F24-6409-4853-BE6E-33964B626088}"
EndProject
Project("{FAE04EC0-301F-11D3-BF4B-00C04F79EFBC}") = "Task8", "Task8\Task8.csproj", "{71CDB4EB-BBCB-44E1-B89A-374AF9C824B9}"
EndProject
Project("{FAE04EC0-301F-11D3-BF4B-00C04F79EFBC}") = "Task9", "Task9\Task9.csproj", "{EF509DB2-614F-48D9-A450-53ABDBEE43C8}"
EndProject
Project("{FAE04EC0-301F-11D3-BF4B-00C04F79EFBC}") = "Task3", "Task3\Task3.csproj", "{0D350736-87E5-44BF-ACAF-5D56A7303845}"
EndProject
Project("{FAE04EC0-301F-11D3-BF4B-00C04F79EFBC}") = "Task5", "Task5\Task5.csproj", "{77DFFE8C-E6E4-4A48-A412-204260AC2014}"
EndProject
Project("{FAE04EC0-301F-11D3-BF4B-00C04F79EFBC}") = "Task6", "Task6\Task6.csproj", "{77679CCE-CD6B-4639-94B6-A2F20F2B965F}"
EndProject
Project("{FAE04EC0-301F-11D3-BF4B-00C04F79EFBC}") = "Task7", "Task7\Task7.csproj", "{980F84D3-1065-4888-B522-114FF09086B2}"
EndProject
Global
	GlobalSection(SolutionConfigurationPlatforms) = preSolution
		Debug|Any CPU = Debug|Any CPU
		Release|Any CPU = Release|Any CPU
	EndGlobalSection
	GlobalSection(ProjectConfigurationPlatforms) = postSolution
		{4EB5E131-1040-491C-928B-A72A2B409616}.Debug|Any CPU.ActiveCfg = Debug|Any CPU
		{4EB5E131-1040-491C-928B-A72A2B409616}.Debug|Any CPU.Build.0 = Debug|Any CPU
		{4EB5E131-1040-491C-928B-A72A2B409616}.Release|Any CPU.ActiveCfg = Release|Any CPU
		{4EB5E131-1040-491C-928B-A72A2B409616}.Release|Any CPU.Build.0 = Release|Any CPU
		{04664F55-C64B-46B9-A893-3FCDC8BE1B21}.Debug|Any CPU.ActiveCfg = Debug|Any CPU
		{04664F55-C64B-46B9-A893-3FCDC8BE1B21}.Debug|Any CPU.Build.0 = Debug|Any CPU
		{04664F55-C64B-46B9-A893-3FCDC8BE1B21}.Release|Any CPU.ActiveCfg = Release|Any CPU
		{04664F55-C64B-46B9-A893-3FCDC8BE1B21}.Release|Any CPU.Build.0 = Release|Any CPU
		{2B406F24-6409-4853-BE6E-33964B626088}.Debug|Any CPU.ActiveCfg = Debug|Any CPU
		{2B406F24-6409-4853-BE6E-33964B626088}.Debug|Any CPU.Build.0 = Debug|Any CPU
		{2B406F24-6409-4853-BE6E-33964B626088}.Release|Any CPU.ActiveCfg = Release|Any CPU
		{2B406F24-6409-4853-BE6E-33964B626088}.Release|Any CPU.Build.0 = Release|Any CPU
		{71CDB4EB-BBCB-44E1-B89A-374AF9C824B9}.Debug|Any CPU.ActiveCfg = Debug|Any CPU
		{71CDB4EB-BBCB-44E1-B89A-374AF9C824B9}.Debug|Any CPU.Build.0 = Debug|Any CPU
		{71CDB4EB-BBCB-44E1-B89A-374AF9C824B9}.Release|Any CPU.ActiveCfg = Release|Any CPU
		{71CDB4EB-BBCB-44E1-B89A-374AF9C824B9}.Release|Any CPU.Build.0 = Release|Any CPU
		{EF509DB2-614F-48D9-A450-53ABDBEE43C8}.Debug|Any CPU.ActiveCfg = Debug|Any CPU
		{EF509DB2-614F-48D9-A450-53ABDBEE43C8}.Debug|Any CPU.Build.0 = Debug|Any CPU
		{EF509DB2-614F-48D9-A450-53ABDBEE43C8}.Release|Any CPU.ActiveCfg = Release|Any CPU
		{EF509DB2-614F-48D9-A450-53ABDBEE43C8}.Release|Any CPU.Build.0 = Release|Any CPU
		{0D350736-87E5-44BF-ACAF-5D56A7303845}.Debug|Any CPU.ActiveCfg = Debug|Any CPU
		{0D350736-87E5-44BF-ACAF-5D56A7303845}.Debug|Any CPU.Build.0 = Debug|Any CPU
		{0D350736-87E5-44BF-ACAF-5D56A7303845}.Release|Any CPU.ActiveCfg = Release|Any CPU
		{0D350736-87E5-44BF-ACAF-5D56A7303845}.Release|Any CPU.Build.0 = Release|Any CPU
		{77DFFE8C-E6E4-4A48-A412-204260AC2014}.Debug|Any CPU.ActiveCfg = Debug|Any CPU
		{77DFFE8C-E6E4-4A48-A412-204260AC2014}.Debug|Any CPU.Build.0 = Debug|Any CPU
		{77DFFE8C-E6E4-4A48-A412-204260AC2014}.Release|Any CPU.ActiveCfg = Release|Any CPU
		{77DFFE8C-E6E4-4A48-A412-204260AC2014}.Release|Any CPU.Build.0 = Release|Any CPU
		{77679CCE-CD6B-4639-94B6-A2F20F2B965F}.Debug|Any CPU.ActiveCfg = Debug|Any CPU
		{77679CCE-CD6B-4639-94B6-A2F20F2B965F}.Debug|Any CPU.Build.0 = Debug|Any CPU
		{77679CCE-CD6B-4639-94B6-A2F20F2B965F}.Release|Any CPU.ActiveCfg = Release|Any CPU
		{77679CCE-CD6B-4639-94B6-A2F20F2B965F}.Release|Any CPU.Build.0 = Release|Any CPU
		{980F84D3-1065-4888-B522-114FF09086B2}.Debug|Any CPU.ActiveCfg = Debug|Any CPU
		{980F84D3-1065-4888-B522-114FF09086B2}.Debug|Any CPU.Build.0 = Debug|Any CPU
		{980F84D3-1065-4888-B522-114FF09086B2}.Release|Any CPU.ActiveCfg = Release|Any CPU
		{980F84D3-1065-4888-B522-114FF09086B2}.Release|Any CPU.Build.0 = Release|Any CPU
	EndGlobalSection
	GlobalSection(SolutionProperties) = preSolution
		HideSolutionNode = FALSE
	EndGlobalSection
	GlobalSection(ExtensibilityGlobals) = postSolution
		SolutionGuid = {34003730-7431-403D-989D-AA0218CCC588}
	EndGlobalSection
EndGlobal
