
Microsoft Visual Studio Solution File, Format Version 12.00
# Visual Studio 15
VisualStudioVersion = 15.0.28307.329
MinimumVisualStudioVersion = 10.0.40219.1
Project("{FAE04EC0-301F-11D3-BF4B-00C04F79EFBC}") = "Task1", "Lesson2\Task1.csproj", "{4EB5E131-1040-491C-928B-A72A2B409616}"
EndProject
Project("{FAE04EC0-301F-11D3-BF4B-00C04F79EFBC}") = "Task2", "Task2\Task2.csproj", "{04664F55-C64B-46B9-A893-3FCDC8BE1B21}"
EndProject
Project("{FAE04EC0-301F-11D3-BF4B-00C04F79EFBC}") = "Task4", "Task4\Task4.csproj", "{2B406F24-6409-4853-BE6E-33964B626088}"
EndProject
Project("{FAE04EC0-301F-11D3-BF4B-00C04F79EFBC}") = "Task8", "Task8\Task8.csproj", "{71CDB4EB-BBCB-44E1-B89A-374AF9C824B9}"
EndProject
Global
	GlobalSection(SolutionConfigurationPlatforms) = preSolution
		Debug|Any CPU = Debug|Any CPU
		Release|Any CPU = Release|Any CPU
	EndGlobalSection
	GlobalSection(ProjectConfigurationPlatforms) = postSolution
		{4EB5E131-1040-491C-928B-A72A2B409616}.Debug|Any CPU.ActiveCfg = Debug|Any CPU
		{4EB5E131-1040-491C-928B-A72A2B409616}.Debug|Any CPU.Build.0 = Debug|Any CPU
		{4EB5E131-1040-491C-928B-A72A2B409616}.Release|Any CPU.ActiveCfg = Release|Any CPU
		{4EB5E131-1040-491C-928B-A72A2B409616}.Release|Any CPU.Build.0 = Release|Any CPU
		{04664F55-C64B-46B9-A893-3FCDC8BE1B21}.Debug|Any CPU.ActiveCfg = Debug|Any CPU
		{04664F55-C64B-46B9-A893-3FCDC8BE1B21}.Debug|Any CPU.Build.0 = Debug|Any CPU
		{04664F55-C64B-46B9-A893-3FCDC8BE1B21}.Release|Any CPU.ActiveCfg = Release|Any CPU
		{04664F55-C64B-46B9-A893-3FCDC8BE1B21}.Release|Any CPU.Build.0 = Release|Any CPU
		{2B406F24-6409-4853-BE6E-33964B626088}.Debug|Any CPU.ActiveCfg = Debug|Any CPU
		{2B406F24-6409-4853-BE6E-33964B626088}.Debug|Any CPU.Build.0 = Debug|Any CPU
		{2B406F24-6409-4853-BE6E-33964B626088}.Release|Any CPU.ActiveCfg = Release|Any CPU
		{2B406F24-6409-4853-BE6E-33964B626088}.Release|Any CPU.Build.0 = Release|Any CPU
		{71CDB4EB-BBCB-44E1-B89A-374AF9C824B9}.Debug|Any CPU.ActiveCfg = Debug|Any CPU
		{71CDB4EB-BBCB-44E1-B89A-374AF9C824B9}.Debug|Any CPU.Build.0 = Debug|Any CPU
		{71CDB4EB-BBCB-44E1-B89A-374AF9C824B9}.Release|Any CPU.ActiveCfg = Release|Any CPU
		{71CDB4EB-BBCB-44E1-B89A-374AF9C824B9}.Release|Any CPU.Build.0 = Release|Any CPU
	EndGlobalSection
	GlobalSection(SolutionProperties) = preSolution
		HideSolutionNode = FALSE
	EndGlobalSection
	GlobalSection(ExtensibilityGlobals) = postSolution
		SolutionGuid = {34003730-7431-403D-989D-AA0218CCC588}
	EndGlobalSection
EndGlobal
